
Microsoft Visual Studio Solution File, Format Version 12.00
# Visual Studio 15
VisualStudioVersion = 15.0.27703.2042
MinimumVisualStudioVersion = 10.0.40219.1
Project("{FAE04EC0-301F-11D3-BF4B-00C04F79EFBC}") = "Replacer", "Replacer\Replacer.csproj", "{7B1ADD4F-BC2E-4987-840D-25D9EC9E40C5}"
EndProject
Global
	GlobalSection(SolutionConfigurationPlatforms) = preSolution
		Debug|Any CPU = Debug|Any CPU
		Release|Any CPU = Release|Any CPU
	EndGlobalSection
	GlobalSection(ProjectConfigurationPlatforms) = postSolution
		{7B1ADD4F-BC2E-4987-840D-25D9EC9E40C5}.Debug|Any CPU.ActiveCfg = Debug|Any CPU
		{7B1ADD4F-BC2E-4987-840D-25D9EC9E40C5}.Debug|Any CPU.Build.0 = Debug|Any CPU
		{7B1ADD4F-BC2E-4987-840D-25D9EC9E40C5}.Release|Any CPU.ActiveCfg = Release|Any CPU
		{7B1ADD4F-BC2E-4987-840D-25D9EC9E40C5}.Release|Any CPU.Build.0 = Release|Any CPU
	EndGlobalSection
	GlobalSection(SolutionProperties) = preSolution
		HideSolutionNode = FALSE
	EndGlobalSection
	GlobalSection(ExtensibilityGlobals) = postSolution
		SolutionGuid = {C13F80AD-1D9D-4E81-80E3-0CD4E23FB62C}
	EndGlobalSection
EndGlobal
